<?xml version="1.0" encoding="utf-8"?>
<Project ToolsVersion="4.0" xmlns="http://schemas.microsoft.com/developer/msbuild/2003">
  <ItemGroup>
    <Filter Include="Source Files">
      <UniqueIdentifier>{4FC737F1-C7A5-4376-A066-2A32D752A2FF}</UniqueIdentifier>
      <Extensions>cpp;c;cc;cxx;def;odl;idl;hpj;bat;asm;asmx</Extensions>
    </Filter>
    <Filter Include="Header Files">
      <UniqueIdentifier>{93995380-89BD-4b04-88EB-625FBE52EBFB}</UniqueIdentifier>
      <Extensions>h;hpp;hxx;hm;inl;inc;xsd</Extensions>
    </Filter>
  </ItemGroup>
  <ItemGroup>
    <ClCompile Include="..\src\array.cpp">
      <Filter>Source Files</Filter>
    </ClCompile>
    <ClCompile Include="..\src\cloning.cpp">
      <Filter>Source Files</Filter>
    </ClCompile>
    <ClCompile Include="..\src\constants.cpp">
      <Filter>Source Files</Filter>
    </ClCompile>
    <ClCompile Include="..\src\derive.cpp">
      <Filter>Source Files</Filter>
    </ClCompile>
    <ClCompile Include="..\src\equation.cpp">
      <Filter>Source Files</Filter>
    </ClCompile>
    <ClCompile Include="..\src\functions.cpp">
      <Filter>Source Files</Filter>
    </ClCompile>
    <ClCompile Include="..\src\identity.cpp">
      <Filter>Source Files</Filter>
    </ClCompile>
    <ClCompile Include="..\src\integrate.cpp">
      <Filter>Source Files</Filter>
    </ClCompile>
    <ClCompile Include="..\src\matnorm.cpp">
      <Filter>Source Files</Filter>
    </ClCompile>
    <ClCompile Include="..\src\matrix.cpp">
      <Filter>Source Files</Filter>
    </ClCompile>
    <ClCompile Include="..\src\multinomial.cpp">
      <Filter>Source Files</Filter>
    </ClCompile>
    <ClCompile Include="..\src\number.cpp">
      <Filter>Source Files</Filter>
    </ClCompile>
    <ClCompile Include="..\src\polynomial.cpp">
      <Filter>Source Files</Filter>
    </ClCompile>
    <ClCompile Include="..\src\product.cpp">
      <Filter>Source Files</Filter>
    </ClCompile>
    <ClCompile Include="..\src\quatern.cpp">
      <Filter>Source Files</Filter>
    </ClCompile>
    <ClCompile Include="..\src\rational.cpp">
      <Filter>Source Files</Filter>
    </ClCompile>
    <ClCompile Include="..\src\solve.cpp">
      <Filter>Source Files</Filter>
    </ClCompile>
    <ClCompile Include="..\src\sum.cpp">
      <Filter>Source Files</Filter>
    </ClCompile>
    <ClCompile Include="..\src\symbol.cpp">
      <Filter>Source Files</Filter>
    </ClCompile>
    <ClCompile Include="..\src\symbolic.cpp">
      <Filter>Source Files</Filter>
    </ClCompile>
    <ClCompile Include="..\src\symbolicc++.cpp">
      <Filter>Source Files</Filter>
    </ClCompile>
    <ClCompile Include="..\src\symerror.cpp">
      <Filter>Source Files</Filter>
    </ClCompile>
    <ClCompile Include="..\src\symmatrix.cpp">
      <Filter>Source Files</Filter>
    </ClCompile>
    <ClCompile Include="..\src\vecnorm.cpp">
      <Filter>Source Files</Filter>
    </ClCompile>
    <ClCompile Include="..\src\vector.cpp">
      <Filter>Source Files</Filter>
    </ClCompile>
    <ClCompile Include="..\src\verylong.cpp">
      <Filter>Source Files</Filter>
    </ClCompile>
  </ItemGroup>
  <ItemGroup>
    <ClInclude Include="..\include\array.h">
      <Filter>Header Files</Filter>
    </ClInclude>
    <ClInclude Include="..\include\cloning.h">
      <Filter>Header Files</Filter>
    </ClInclude>
    <ClInclude Include="..\include\symbolic\constants.h">
      <Filter>Header Files</Filter>
    </ClInclude>
    <ClInclude Include="..\include\derive.h">
      <Filter>Header Files</Filter>
    </ClInclude>
    <ClInclude Include="..\include\symbolic\equation.h">
      <Filter>Header Files</Filter>
    </ClInclude>
    <ClInclude Include="..\include\symbolic\functions.h">
      <Filter>Header Files</Filter>
    </ClInclude>
    <ClInclude Include="..\include\identity.h">
      <Filter>Header Files</Filter>
    </ClInclude>
    <ClInclude Include="..\include\matnorm.h">
      <Filter>Header Files</Filter>
    </ClInclude>
    <ClInclude Include="..\include\matrix.h">
      <Filter>Header Files</Filter>
    </ClInclude>
    <ClInclude Include="..\include\multinomial.h">
      <Filter>Header Files</Filter>
    </ClInclude>
    <ClInclude Include="..\include\symbolic\number.h">
      <Filter>Header Files</Filter>
    </ClInclude>
    <ClInclude Include="..\include\polynomial.h">
      <Filter>Header Files</Filter>
    </ClInclude>
    <ClInclude Include="..\include\symbolic\product.h">
      <Filter>Header Files</Filter>
    </ClInclude>
    <ClInclude Include="..\include\quatern.h">
      <Filter>Header Files</Filter>
    </ClInclude>
    <ClInclude Include="..\include\rational.h">
      <Filter>Header Files</Filter>
    </ClInclude>
    <ClInclude Include="..\include\symbolic\sum.h">
      <Filter>Header Files</Filter>
    </ClInclude>
    <ClInclude Include="..\include\symbolic\symbol.h">
      <Filter>Header Files</Filter>
    </ClInclude>
    <ClInclude Include="..\include\symbolic\symbolic.h">
      <Filter>Header Files</Filter>
    </ClInclude>
    <ClInclude Include="..\include\symbolicc++.h">
      <Filter>Header Files</Filter>
    </ClInclude>
    <ClInclude Include="..\include\symbolic\symbolicc++.h">
      <Filter>Header Files</Filter>
    </ClInclude>
    <ClInclude Include="..\include\symbolic\symerror.h">
      <Filter>Header Files</Filter>
    </ClInclude>
    <ClInclude Include="..\include\symbolic\symmatrix.h">
      <Filter>Header Files</Filter>
    </ClInclude>
    <ClInclude Include="..\include\vecnorm.h">
      <Filter>Header Files</Filter>
    </ClInclude>
    <ClInclude Include="..\include\vector.h">
      <Filter>Header Files</Filter>
    </ClInclude>
    <ClInclude Include="..\include\verylong.h">
      <Filter>Header Files</Filter>
    </ClInclude>
  </ItemGroup>
</Project>